
Microsoft Visual Studio Solution File, Format Version 12.00
# Visual Studio Version 17
VisualStudioVersion = 17.1.32421.90
MinimumVisualStudioVersion = 10.0.40219.1
Project("{8BC9CEB8-8B4A-11D0-8D11-00A0C91BC942}") = "air_sim", "air_sim\air_sim.vcxproj", "{BE780D4A-1F19-429F-9BBC-CC28C8F25E31}"
EndProject
Global
	GlobalSection(SolutionConfigurationPlatforms) = preSolution
		Debug|x64 = Debug|x64
		Debug|x86 = Debug|x86
		Release|x64 = Release|x64
		Release|x86 = Release|x86
	EndGlobalSection
	GlobalSection(ProjectConfigurationPlatforms) = postSolution
		{BE780D4A-1F19-429F-9BBC-CC28C8F25E31}.Debug|x64.ActiveCfg = Debug|x64
		{BE780D4A-1F19-429F-9BBC-CC28C8F25E31}.Debug|x64.Build.0 = Debug|x64
		{BE780D4A-1F19-429F-9BBC-CC28C8F25E31}.Debug|x86.ActiveCfg = Debug|Win32
		{BE780D4A-1F19-429F-9BBC-CC28C8F25E31}.Debug|x86.Build.0 = Debug|Win32
		{BE780D4A-1F19-429F-9BBC-CC28C8F25E31}.Release|x64.ActiveCfg = Release|x64
		{BE780D4A-1F19-429F-9BBC-CC28C8F25E31}.Release|x64.Build.0 = Release|x64
		{BE780D4A-1F19-429F-9BBC-CC28C8F25E31}.Release|x86.ActiveCfg = Release|Win32
		{BE780D4A-1F19-429F-9BBC-CC28C8F25E31}.Release|x86.Build.0 = Release|Win32
	EndGlobalSection
	GlobalSection(SolutionProperties) = preSolution
		HideSolutionNode = FALSE
	EndGlobalSection
	GlobalSection(ExtensibilityGlobals) = postSolution
		SolutionGuid = {1F9FE6B8-2BC5-4D3A-940C-60BE10F4B228}
	EndGlobalSection
EndGlobal
